// !$*UTF8*$!
{
	archiveVersion = 1;
	classes = {
	};
	objectVersion = 50;
	objects = {

/* Begin PBXBuildFile section */
		1C4D663925B913F000862988 /* SAMain_VC.m in Sources */ = {isa = PBXBuildFile; fileRef = 1C4D663825B913F000862988 /* SAMain_VC.m */; };
		1C92CF2A25B82D63009D7781 /* AppDelegate.m in Sources */ = {isa = PBXBuildFile; fileRef = 1C92CF2925B82D63009D7781 /* AppDelegate.m */; };
		1C92CF2D25B82D63009D7781 /* SceneDelegate.m in Sources */ = {isa = PBXBuildFile; fileRef = 1C92CF2C25B82D63009D7781 /* SceneDelegate.m */; };
		1C92CF3525B82D67009D7781 /* Assets.xcassets in Resources */ = {isa = PBXBuildFile; fileRef = 1C92CF3425B82D67009D7781 /* Assets.xcassets */; };
		1C92CF3825B82D67009D7781 /* LaunchScreen.storyboard in Resources */ = {isa = PBXBuildFile; fileRef = 1C92CF3625B82D67009D7781 /* LaunchScreen.storyboard */; };
		1C92CF3B25B82D67009D7781 /* main.m in Sources */ = {isa = PBXBuildFile; fileRef = 1C92CF3A25B82D67009D7781 /* main.m */; };
		58841A646BFF155A1A1A487E /* libPods-SweetAgenda.a in Frameworks */ = {isa = PBXBuildFile; fileRef = FAF7B6AE450AEBB8D7B9586A /* libPods-SweetAgenda.a */; };
/* End PBXBuildFile section */

/* Begin PBXFileReference section */
		1C4D661B25B905EF00862988 /* SweetAgenda_PrefixHeader.pch */ = {isa = PBXFileReference; lastKnownFileType = sourcecode.c.h; path = SweetAgenda_PrefixHeader.pch; sourceTree = "<group>"; };
		1C4D662D25B9104400862988 /* SANormalProjectColor_Header.h */ = {isa = PBXFileReference; lastKnownFileType = sourcecode.c.h; path = SANormalProjectColor_Header.h; sourceTree = "<group>"; };
		1C4D662E25B9105900862988 /* SANetworkingURL_Header.h */ = {isa = PBXFileReference; lastKnownFileType = sourcecode.c.h; path = SANetworkingURL_Header.h; sourceTree = "<group>"; };
		1C4D663725B913F000862988 /* SAMain_VC.h */ = {isa = PBXFileReference; lastKnownFileType = sourcecode.c.h; path = SAMain_VC.h; sourceTree = "<group>"; };
		1C4D663825B913F000862988 /* SAMain_VC.m */ = {isa = PBXFileReference; lastKnownFileType = sourcecode.c.objc; path = SAMain_VC.m; sourceTree = "<group>"; };
		1C4D663B25B9142700862988 /* SAProjectFile_Header.h */ = {isa = PBXFileReference; lastKnownFileType = sourcecode.c.h; path = SAProjectFile_Header.h; sourceTree = "<group>"; };
		1C92CF2525B82D63009D7781 /* SweetAgenda.app */ = {isa = PBXFileReference; explicitFileType = wrapper.application; includeInIndex = 0; path = SweetAgenda.app; sourceTree = BUILT_PRODUCTS_DIR; };
		1C92CF2825B82D63009D7781 /* AppDelegate.h */ = {isa = PBXFileReference; lastKnownFileType = sourcecode.c.h; path = AppDelegate.h; sourceTree = "<group>"; };
		1C92CF2925B82D63009D7781 /* AppDelegate.m */ = {isa = PBXFileReference; lastKnownFileType = sourcecode.c.objc; path = AppDelegate.m; sourceTree = "<group>"; };
		1C92CF2B25B82D63009D7781 /* SceneDelegate.h */ = {isa = PBXFileReference; lastKnownFileType = sourcecode.c.h; path = SceneDelegate.h; sourceTree = "<group>"; };
		1C92CF2C25B82D63009D7781 /* SceneDelegate.m */ = {isa = PBXFileReference; lastKnownFileType = sourcecode.c.objc; path = SceneDelegate.m; sourceTree = "<group>"; };
		1C92CF3425B82D67009D7781 /* Assets.xcassets */ = {isa = PBXFileReference; lastKnownFileType = folder.assetcatalog; path = Assets.xcassets; sourceTree = "<group>"; };
		1C92CF3725B82D67009D7781 /* Base */ = {isa = PBXFileReference; lastKnownFileType = file.storyboard; name = Base; path = Base.lproj/LaunchScreen.storyboard; sourceTree = "<group>"; };
		1C92CF3925B82D67009D7781 /* Info.plist */ = {isa = PBXFileReference; lastKnownFileType = text.plist.xml; path = Info.plist; sourceTree = "<group>"; };
		1C92CF3A25B82D67009D7781 /* main.m */ = {isa = PBXFileReference; lastKnownFileType = sourcecode.c.objc; path = main.m; sourceTree = "<group>"; };
		25D98EAA6238ABB72B9C51A9 /* Pods-SweetAgenda.release.xcconfig */ = {isa = PBXFileReference; includeInIndex = 1; lastKnownFileType = text.xcconfig; name = "Pods-SweetAgenda.release.xcconfig"; path = "Target Support Files/Pods-SweetAgenda/Pods-SweetAgenda.release.xcconfig"; sourceTree = "<group>"; };
		FAF7B6AE450AEBB8D7B9586A /* libPods-SweetAgenda.a */ = {isa = PBXFileReference; explicitFileType = archive.ar; includeInIndex = 0; path = "libPods-SweetAgenda.a"; sourceTree = BUILT_PRODUCTS_DIR; };
		FED90E254FD8FDBE258CAD27 /* Pods-SweetAgenda.debug.xcconfig */ = {isa = PBXFileReference; includeInIndex = 1; lastKnownFileType = text.xcconfig; name = "Pods-SweetAgenda.debug.xcconfig"; path = "Target Support Files/Pods-SweetAgenda/Pods-SweetAgenda.debug.xcconfig"; sourceTree = "<group>"; };
/* End PBXFileReference section */

/* Begin PBXFrameworksBuildPhase section */
		1C92CF2225B82D63009D7781 /* Frameworks */ = {
			isa = PBXFrameworksBuildPhase;
			buildActionMask = 2147483647;
			files = (
				58841A646BFF155A1A1A487E /* libPods-SweetAgenda.a in Frameworks */,
			);
			runOnlyForDeploymentPostprocessing = 0;
		};
/* End PBXFrameworksBuildPhase section */

/* Begin PBXGroup section */
		1C4D661425B9046400862988 /* Define */ = {
			isa = PBXGroup;
			children = (
			);
			path = Define;
			sourceTree = "<group>";
		};
		1C4D661525B9046400862988 /* Mannager */ = {
			isa = PBXGroup;
			children = (
			);
			path = Mannager;
			sourceTree = "<group>";
		};
		1C4D661625B9046400862988 /* OtherFiles */ = {
			isa = PBXGroup;
			children = (
				1C4D661B25B905EF00862988 /* SweetAgenda_PrefixHeader.pch */,
				1C4D662D25B9104400862988 /* SANormalProjectColor_Header.h */,
				1C4D662E25B9105900862988 /* SANetworkingURL_Header.h */,
				1C4D663B25B9142700862988 /* SAProjectFile_Header.h */,
			);
			path = OtherFiles;
			sourceTree = "<group>";
		};
		1C4D661725B9046400862988 /* Utils */ = {
			isa = PBXGroup;
			children = (
			);
			path = Utils;
			sourceTree = "<group>";
		};
		1C4D661825B9046400862988 /* Modules */ = {
			isa = PBXGroup;
			children = (
				1C4D662F25B9114700862988 /* Main */,
			);
			path = Modules;
			sourceTree = "<group>";
		};
		1C4D661925B904C200862988 /* AppCycle */ = {
			isa = PBXGroup;
			children = (
				1C92CF2825B82D63009D7781 /* AppDelegate.h */,
				1C92CF2925B82D63009D7781 /* AppDelegate.m */,
				1C92CF2B25B82D63009D7781 /* SceneDelegate.h */,
				1C92CF2C25B82D63009D7781 /* SceneDelegate.m */,
			);
			path = AppCycle;
			sourceTree = "<group>";
		};
		1C4D662F25B9114700862988 /* Main */ = {
			isa = PBXGroup;
			children = (
				1C4D663425B9114700862988 /* Controllers */,
				1C4D663025B9114700862988 /* Models */,
				1C4D663325B9114700862988 /* View */,
			);
			path = Main;
			sourceTree = "<group>";
		};
		1C4D663025B9114700862988 /* Models */ = {
			isa = PBXGroup;
			children = (
				1C4D663125B9114700862988 /* CellModel */,
				1C4D663225B9114700862988 /* DataModel */,
			);
			path = Models;
			sourceTree = "<group>";
		};
		1C4D663125B9114700862988 /* CellModel */ = {
			isa = PBXGroup;
			children = (
			);
			path = CellModel;
			sourceTree = "<group>";
		};
		1C4D663225B9114700862988 /* DataModel */ = {
			isa = PBXGroup;
			children = (
			);
			path = DataModel;
			sourceTree = "<group>";
		};
		1C4D663325B9114700862988 /* View */ = {
			isa = PBXGroup;
			children = (
			);
			path = View;
			sourceTree = "<group>";
		};
		1C4D663425B9114700862988 /* Controllers */ = {
			isa = PBXGroup;
			children = (
				1C4D663725B913F000862988 /* SAMain_VC.h */,
				1C4D663825B913F000862988 /* SAMain_VC.m */,
				1C4D663525B9114700862988 /* SecondVC */,
			);
			path = Controllers;
			sourceTree = "<group>";
		};
		1C4D663525B9114700862988 /* SecondVC */ = {
			isa = PBXGroup;
			children = (
			);
			path = SecondVC;
			sourceTree = "<group>";
		};
		1C92CF1C25B82D63009D7781 = {
			isa = PBXGroup;
			children = (
				1C92CF2725B82D63009D7781 /* SweetAgenda */,
				1C92CF2625B82D63009D7781 /* Products */,
				EE672EB2C0D734E2E134B343 /* Pods */,
				280399F5F64D98F364A3D0BC /* Frameworks */,
			);
			sourceTree = "<group>";
		};
		1C92CF2625B82D63009D7781 /* Products */ = {
			isa = PBXGroup;
			children = (
				1C92CF2525B82D63009D7781 /* SweetAgenda.app */,
			);
			name = Products;
			sourceTree = "<group>";
		};
		1C92CF2725B82D63009D7781 /* SweetAgenda */ = {
			isa = PBXGroup;
			children = (
				1C4D661925B904C200862988 /* AppCycle */,
				1C4D661425B9046400862988 /* Define */,
				1C4D661525B9046400862988 /* Mannager */,
				1C4D661825B9046400862988 /* Modules */,
				1C4D661725B9046400862988 /* Utils */,
				1C4D661625B9046400862988 /* OtherFiles */,
				1C92CF3425B82D67009D7781 /* Assets.xcassets */,
				1C92CF3625B82D67009D7781 /* LaunchScreen.storyboard */,
				1C92CF3925B82D67009D7781 /* Info.plist */,
				1C92CF3A25B82D67009D7781 /* main.m */,
			);
			path = SweetAgenda;
			sourceTree = "<group>";
		};
		280399F5F64D98F364A3D0BC /* Frameworks */ = {
			isa = PBXGroup;
			children = (
				FAF7B6AE450AEBB8D7B9586A /* libPods-SweetAgenda.a */,
			);
			name = Frameworks;
			sourceTree = "<group>";
		};
		EE672EB2C0D734E2E134B343 /* Pods */ = {
			isa = PBXGroup;
			children = (
				FED90E254FD8FDBE258CAD27 /* Pods-SweetAgenda.debug.xcconfig */,
				25D98EAA6238ABB72B9C51A9 /* Pods-SweetAgenda.release.xcconfig */,
			);
			path = Pods;
			sourceTree = "<group>";
		};
/* End PBXGroup section */

/* Begin PBXNativeTarget section */
		1C92CF2425B82D63009D7781 /* SweetAgenda */ = {
			isa = PBXNativeTarget;
			buildConfigurationList = 1C92CF3E25B82D67009D7781 /* Build configuration list for PBXNativeTarget "SweetAgenda" */;
			buildPhases = (
				1D40E90BC09831CAAFCE0252 /* [CP] Check Pods Manifest.lock */,
				1C92CF2125B82D63009D7781 /* Sources */,
				1C92CF2225B82D63009D7781 /* Frameworks */,
				1C92CF2325B82D63009D7781 /* Resources */,
			);
			buildRules = (
			);
			dependencies = (
			);
			name = SweetAgenda;
			productName = SweetAgenda;
			productReference = 1C92CF2525B82D63009D7781 /* SweetAgenda.app */;
			productType = "com.apple.product-type.application";
		};
/* End PBXNativeTarget section */

/* Begin PBXProject section */
		1C92CF1D25B82D63009D7781 /* Project object */ = {
			isa = PBXProject;
			attributes = {
				CLASSPREFIX = SA;
				LastUpgradeCheck = 1230;
				ORGANIZATIONNAME = GreekMythology;
				TargetAttributes = {
					1C92CF2425B82D63009D7781 = {
						CreatedOnToolsVersion = 12.3;
					};
				};
			};
			buildConfigurationList = 1C92CF2025B82D63009D7781 /* Build configuration list for PBXProject "SweetAgenda" */;
			compatibilityVersion = "Xcode 9.3";
			developmentRegion = en;
			hasScannedForEncodings = 0;
			knownRegions = (
				en,
				Base,
			);
			mainGroup = 1C92CF1C25B82D63009D7781;
			productRefGroup = 1C92CF2625B82D63009D7781 /* Products */;
			projectDirPath = "";
			projectRoot = "";
			targets = (
				1C92CF2425B82D63009D7781 /* SweetAgenda */,
			);
		};
/* End PBXProject section */

/* Begin PBXResourcesBuildPhase section */
		1C92CF2325B82D63009D7781 /* Resources */ = {
			isa = PBXResourcesBuildPhase;
			buildActionMask = 2147483647;
			files = (
				1C92CF3825B82D67009D7781 /* LaunchScreen.storyboard in Resources */,
				1C92CF3525B82D67009D7781 /* Assets.xcassets in Resources */,
			);
			runOnlyForDeploymentPostprocessing = 0;
		};
/* End PBXResourcesBuildPhase section */

/* Begin PBXShellScriptBuildPhase section */
		1D40E90BC09831CAAFCE0252 /* [CP] Check Pods Manifest.lock */ = {
			isa = PBXShellScriptBuildPhase;
			buildActionMask = 2147483647;
			files = (
			);
			inputFileListPaths = (
			);
			inputPaths = (
				"${PODS_PODFILE_DIR_PATH}/Podfile.lock",
				"${PODS_ROOT}/Manifest.lock",
			);
			name = "[CP] Check Pods Manifest.lock";
			outputFileListPaths = (
			);
			outputPaths = (
				"$(DERIVED_FILE_DIR)/Pods-SweetAgenda-checkManifestLockResult.txt",
			);
			runOnlyForDeploymentPostprocessing = 0;
			shellPath = /bin/sh;
			shellScript = "diff \"${PODS_PODFILE_DIR_PATH}/Podfile.lock\" \"${PODS_ROOT}/Manifest.lock\" > /dev/null\nif [ $? != 0 ] ; then\n    # print error to STDERR\n    echo \"error: The sandbox is not in sync with the Podfile.lock. Run 'pod install' or update your CocoaPods installation.\" >&2\n    exit 1\nfi\n# This output is used by Xcode 'outputs' to avoid re-running this script phase.\necho \"SUCCESS\" > \"${SCRIPT_OUTPUT_FILE_0}\"\n";
			showEnvVarsInLog = 0;
		};
/* End PBXShellScriptBuildPhase section */

/* Begin PBXSourcesBuildPhase section */
		1C92CF2125B82D63009D7781 /* Sources */ = {
			isa = PBXSourcesBuildPhase;
			buildActionMask = 2147483647;
			files = (
				1C92CF2A25B82D63009D7781 /* AppDelegate.m in Sources */,
				1C92CF3B25B82D67009D7781 /* main.m in Sources */,
				1C92CF2D25B82D63009D7781 /* SceneDelegate.m in Sources */,
				1C4D663925B913F000862988 /* SAMain_VC.m in Sources */,
			);
			runOnlyForDeploymentPostprocessing = 0;
		};
/* End PBXSourcesBuildPhase section */

/* Begin PBXVariantGroup section */
		1C92CF3625B82D67009D7781 /* LaunchScreen.storyboard */ = {
			isa = PBXVariantGroup;
			children = (
				1C92CF3725B82D67009D7781 /* Base */,
			);
			name = LaunchScreen.storyboard;
			sourceTree = "<group>";
		};
/* End PBXVariantGroup section */

/* Begin XCBuildConfiguration section */
		1C92CF3C25B82D67009D7781 /* Debug */ = {
			isa = XCBuildConfiguration;
			buildSettings = {
				ALWAYS_SEARCH_USER_PATHS = NO;
				CLANG_ANALYZER_NONNULL = YES;
				CLANG_ANALYZER_NUMBER_OBJECT_CONVERSION = YES_AGGRESSIVE;
				CLANG_CXX_LANGUAGE_STANDARD = "gnu++14";
				CLANG_CXX_LIBRARY = "libc++";
				CLANG_ENABLE_MODULES = YES;
				CLANG_ENABLE_OBJC_ARC = YES;
				CLANG_ENABLE_OBJC_WEAK = YES;
				CLANG_WARN_BLOCK_CAPTURE_AUTORELEASING = YES;
				CLANG_WARN_BOOL_CONVERSION = YES;
				CLANG_WARN_COMMA = YES;
				CLANG_WARN_CONSTANT_CONVERSION = YES;
				CLANG_WARN_DEPRECATED_OBJC_IMPLEMENTATIONS = YES;
				CLANG_WARN_DIRECT_OBJC_ISA_USAGE = YES_ERROR;
				CLANG_WARN_DOCUMENTATION_COMMENTS = YES;
				CLANG_WARN_EMPTY_BODY = YES;
				CLANG_WARN_ENUM_CONVERSION = YES;
				CLANG_WARN_INFINITE_RECURSION = YES;
				CLANG_WARN_INT_CONVERSION = YES;
				CLANG_WARN_NON_LITERAL_NULL_CONVERSION = YES;
				CLANG_WARN_OBJC_IMPLICIT_RETAIN_SELF = YES;
				CLANG_WARN_OBJC_LITERAL_CONVERSION = YES;
				CLANG_WARN_OBJC_ROOT_CLASS = YES_ERROR;
				CLANG_WARN_QUOTED_INCLUDE_IN_FRAMEWORK_HEADER = YES;
				CLANG_WARN_RANGE_LOOP_ANALYSIS = YES;
				CLANG_WARN_STRICT_PROTOTYPES = YES;
				CLANG_WARN_SUSPICIOUS_MOVE = YES;
				CLANG_WARN_UNGUARDED_AVAILABILITY = YES_AGGRESSIVE;
				CLANG_WARN_UNREACHABLE_CODE = YES;
				CLANG_WARN__DUPLICATE_METHOD_MATCH = YES;
				COPY_PHASE_STRIP = NO;
				DEBUG_INFORMATION_FORMAT = dwarf;
				ENABLE_STRICT_OBJC_MSGSEND = YES;
				ENABLE_TESTABILITY = YES;
				GCC_C_LANGUAGE_STANDARD = gnu11;
				GCC_DYNAMIC_NO_PIC = NO;
				GCC_NO_COMMON_BLOCKS = YES;
				GCC_OPTIMIZATION_LEVEL = 0;
				GCC_PREPROCESSOR_DEFINITIONS = (
					"DEBUG=1",
					"$(inherited)",
				);
				GCC_WARN_64_TO_32_BIT_CONVERSION = YES;
				GCC_WARN_ABOUT_RETURN_TYPE = YES_ERROR;
				GCC_WARN_UNDECLARED_SELECTOR = YES;
				GCC_WARN_UNINITIALIZED_AUTOS = YES_AGGRESSIVE;
				GCC_WARN_UNUSED_FUNCTION = YES;
				GCC_WARN_UNUSED_VARIABLE = YES;
				IPHONEOS_DEPLOYMENT_TARGET = 12.0;
				MTL_ENABLE_DEBUG_INFO = INCLUDE_SOURCE;
				MTL_FAST_MATH = YES;
				ONLY_ACTIVE_ARCH = YES;
				SDKROOT = iphoneos;
			};
			name = Debug;
		};
		1C92CF3D25B82D67009D7781 /* Release */ = {
			isa = XCBuildConfiguration;
			buildSettings = {
				ALWAYS_SEARCH_USER_PATHS = NO;
				CLANG_ANALYZER_NONNULL = YES;
				CLANG_ANALYZER_NUMBER_OBJECT_CONVERSION = YES_AGGRESSIVE;
				CLANG_CXX_LANGUAGE_STANDARD = "gnu++14";
				CLANG_CXX_LIBRARY = "libc++";
				CLANG_ENABLE_MODULES = YES;
				CLANG_ENABLE_OBJC_ARC = YES;
				CLANG_ENABLE_OBJC_WEAK = YES;
				CLANG_WARN_BLOCK_CAPTURE_AUTORELEASING = YES;
				CLANG_WARN_BOOL_CONVERSION = YES;
				CLANG_WARN_COMMA = YES;
				CLANG_WARN_CONSTANT_CONVERSION = YES;
				CLANG_WARN_DEPRECATED_OBJC_IMPLEMENTATIONS = YES;
				CLANG_WARN_DIRECT_OBJC_ISA_USAGE = YES_ERROR;
				CLANG_WARN_DOCUMENTATION_COMMENTS = YES;
				CLANG_WARN_EMPTY_BODY = YES;
				CLANG_WARN_ENUM_CONVERSION = YES;
				CLANG_WARN_INFINITE_RECURSION = YES;
				CLANG_WARN_INT_CONVERSION = YES;
				CLANG_WARN_NON_LITERAL_NULL_CONVERSION = YES;
				CLANG_WARN_OBJC_IMPLICIT_RETAIN_SELF = YES;
				CLANG_WARN_OBJC_LITERAL_CONVERSION = YES;
				CLANG_WARN_OBJC_ROOT_CLASS = YES_ERROR;
				CLANG_WARN_QUOTED_INCLUDE_IN_FRAMEWORK_HEADER = YES;
				CLANG_WARN_RANGE_LOOP_ANALYSIS = YES;
				CLANG_WARN_STRICT_PROTOTYPES = YES;
				CLANG_WARN_SUSPICIOUS_MOVE = YES;
				CLANG_WARN_UNGUARDED_AVAILABILITY = YES_AGGRESSIVE;
				CLANG_WARN_UNREACHABLE_CODE = YES;
				CLANG_WARN__DUPLICATE_METHOD_MATCH = YES;
				COPY_PHASE_STRIP = NO;
				DEBUG_INFORMATION_FORMAT = "dwarf-with-dsym";
				ENABLE_NS_ASSERTIONS = NO;
				ENABLE_STRICT_OBJC_MSGSEND = YES;
				GCC_C_LANGUAGE_STANDARD = gnu11;
				GCC_NO_COMMON_BLOCKS = YES;
				GCC_WARN_64_TO_32_BIT_CONVERSION = YES;
				GCC_WARN_ABOUT_RETURN_TYPE = YES_ERROR;
				GCC_WARN_UNDECLARED_SELECTOR = YES;
				GCC_WARN_UNINITIALIZED_AUTOS = YES_AGGRESSIVE;
				GCC_WARN_UNUSED_FUNCTION = YES;
				GCC_WARN_UNUSED_VARIABLE = YES;
				IPHONEOS_DEPLOYMENT_TARGET = 12.0;
				MTL_ENABLE_DEBUG_INFO = NO;
				MTL_FAST_MATH = YES;
				SDKROOT = iphoneos;
				VALIDATE_PRODUCT = YES;
			};
			name = Release;
		};
		1C92CF3F25B82D67009D7781 /* Debug */ = {
			isa = XCBuildConfiguration;
			baseConfigurationReference = FED90E254FD8FDBE258CAD27 /* Pods-SweetAgenda.debug.xcconfig */;
			buildSettings = {
				ASSETCATALOG_COMPILER_APPICON_NAME = AppIcon;
				ASSETCATALOG_COMPILER_GLOBAL_ACCENT_COLOR_NAME = AccentColor;
				CODE_SIGN_STYLE = Automatic;
				DEVELOPMENT_TEAM = KYRNH9PJH3;
				GCC_PREFIX_HEADER = SweetAgenda/OtherFiles/SweetAgenda_PrefixHeader.pch;
				INFOPLIST_FILE = SweetAgenda/Info.plist;
				IPHONEOS_DEPLOYMENT_TARGET = 12.0;
				LD_RUNPATH_SEARCH_PATHS = (
					"$(inherited)",
					"@executable_path/Frameworks",
				);
				PRODUCT_BUNDLE_IDENTIFIER = com.GreekMythology.gorgons;
				PRODUCT_NAME = "$(TARGET_NAME)";
				TARGETED_DEVICE_FAMILY = 1;
			};
			name = Debug;
		};
		1C92CF4025B82D67009D7781 /* Release */ = {
			isa = XCBuildConfiguration;
			baseConfigurationReference = 25D98EAA6238ABB72B9C51A9 /* Pods-SweetAgenda.release.xcconfig */;
			buildSettings = {
				ASSETCATALOG_COMPILER_APPICON_NAME = AppIcon;
				ASSETCATALOG_COMPILER_GLOBAL_ACCENT_COLOR_NAME = AccentColor;
				CODE_SIGN_STYLE = Automatic;
				DEVELOPMENT_TEAM = KYRNH9PJH3;
				GCC_PREFIX_HEADER = SweetAgenda/OtherFiles/SweetAgenda_PrefixHeader.pch;
				INFOPLIST_FILE = SweetAgenda/Info.plist;
				IPHONEOS_DEPLOYMENT_TARGET = 12.0;
				LD_RUNPATH_SEARCH_PATHS = (
					"$(inherited)",
					"@executable_path/Frameworks",
				);
				PRODUCT_BUNDLE_IDENTIFIER = com.GreekMythology.gorgons;
				PRODUCT_NAME = "$(TARGET_NAME)";
				TARGETED_DEVICE_FAMILY = 1;
			};
			name = Release;
		};
/* End XCBuildConfiguration section */

/* Begin XCConfigurationList section */
		1C92CF2025B82D63009D7781 /* Build configuration list for PBXProject "SweetAgenda" */ = {
			isa = XCConfigurationList;
			buildConfigurations = (
				1C92CF3C25B82D67009D7781 /* Debug */,
				1C92CF3D25B82D67009D7781 /* Release */,
			);
			defaultConfigurationIsVisible = 0;
			defaultConfigurationName = Release;
		};
		1C92CF3E25B82D67009D7781 /* Build configuration list for PBXNativeTarget "SweetAgenda" */ = {
			isa = XCConfigurationList;
			buildConfigurations = (
				1C92CF3F25B82D67009D7781 /* Debug */,
				1C92CF4025B82D67009D7781 /* Release */,
			);
			defaultConfigurationIsVisible = 0;
			defaultConfigurationName = Release;
		};
/* End XCConfigurationList section */
	};
	rootObject = 1C92CF1D25B82D63009D7781 /* Project object */;
}
